// !$*UTF8*$!
{
	archiveVersion = 1;
	classes = {
	};
	objectVersion = 50;
	objects = {

/* Begin PBXBuildFile section */
		2E37154725C0FB980037351E /* AppDelegate.swift in Sources */ = {isa = PBXBuildFile; fileRef = 2E37154625C0FB980037351E /* AppDelegate.swift */; };
		2E37154925C0FB980037351E /* SceneDelegate.swift in Sources */ = {isa = PBXBuildFile; fileRef = 2E37154825C0FB980037351E /* SceneDelegate.swift */; };
		2E37154B25C0FB980037351E /* NoteDetailVC.swift in Sources */ = {isa = PBXBuildFile; fileRef = 2E37154A25C0FB980037351E /* NoteDetailVC.swift */; };
		2E37154E25C0FB980037351E /* Main.storyboard in Resources */ = {isa = PBXBuildFile; fileRef = 2E37154C25C0FB980037351E /* Main.storyboard */; };
		2E37155125C0FB980037351E /* NoteAppCoreData.xcdatamodeld in Sources */ = {isa = PBXBuildFile; fileRef = 2E37154F25C0FB980037351E /* NoteAppCoreData.xcdatamodeld */; };
		2E37155325C0FB9B0037351E /* Assets.xcassets in Resources */ = {isa = PBXBuildFile; fileRef = 2E37155225C0FB9B0037351E /* Assets.xcassets */; };
		2E37155625C0FB9B0037351E /* LaunchScreen.storyboard in Resources */ = {isa = PBXBuildFile; fileRef = 2E37155425C0FB9B0037351E /* LaunchScreen.storyboard */; };
		2E37155F25C101E20037351E /* NoteCell.swift in Sources */ = {isa = PBXBuildFile; fileRef = 2E37155E25C101E20037351E /* NoteCell.swift */; };
		2E37156225C102060037351E /* NoteTableView.swift in Sources */ = {isa = PBXBuildFile; fileRef = 2E37156125C102060037351E /* NoteTableView.swift */; };
		2E91899925C2BCDC00A3C567 /* Note.swift in Sources */ = {isa = PBXBuildFile; fileRef = 2E91899825C2BCDC00A3C567 /* Note.swift */; };
/* End PBXBuildFile section */

/* Begin PBXFileReference section */
		2E37154325C0FB980037351E /* NoteAppCoreData.app */ = {isa = PBXFileReference; explicitFileType = wrapper.application; includeInIndex = 0; path = NoteAppCoreData.app; sourceTree = BUILT_PRODUCTS_DIR; };
		2E37154625C0FB980037351E /* AppDelegate.swift */ = {isa = PBXFileReference; lastKnownFileType = sourcecode.swift; path = AppDelegate.swift; sourceTree = "<group>"; };
		2E37154825C0FB980037351E /* SceneDelegate.swift */ = {isa = PBXFileReference; lastKnownFileType = sourcecode.swift; path = SceneDelegate.swift; sourceTree = "<group>"; };
		2E37154A25C0FB980037351E /* NoteDetailVC.swift */ = {isa = PBXFileReference; lastKnownFileType = sourcecode.swift; path = NoteDetailVC.swift; sourceTree = "<group>"; };
		2E37154D25C0FB980037351E /* Base */ = {isa = PBXFileReference; lastKnownFileType = file.storyboard; name = Base; path = Base.lproj/Main.storyboard; sourceTree = "<group>"; };
		2E37155025C0FB980037351E /* NoteAppCoreData.xcdatamodel */ = {isa = PBXFileReference; lastKnownFileType = wrapper.xcdatamodel; path = NoteAppCoreData.xcdatamodel; sourceTree = "<group>"; };
		2E37155225C0FB9B0037351E /* Assets.xcassets */ = {isa = PBXFileReference; lastKnownFileType = folder.assetcatalog; path = Assets.xcassets; sourceTree = "<group>"; };
		2E37155525C0FB9B0037351E /* Base */ = {isa = PBXFileReference; lastKnownFileType = file.storyboard; name = Base; path = Base.lproj/LaunchScreen.storyboard; sourceTree = "<group>"; };
		2E37155725C0FB9B0037351E /* Info.plist */ = {isa = PBXFileReference; lastKnownFileType = text.plist.xml; path = Info.plist; sourceTree = "<group>"; };
		2E37155E25C101E20037351E /* NoteCell.swift */ = {isa = PBXFileReference; lastKnownFileType = sourcecode.swift; path = NoteCell.swift; sourceTree = "<group>"; };
		2E37156125C102060037351E /* NoteTableView.swift */ = {isa = PBXFileReference; lastKnownFileType = sourcecode.swift; path = NoteTableView.swift; sourceTree = "<group>"; };
		2E91899825C2BCDC00A3C567 /* Note.swift */ = {isa = PBXFileReference; lastKnownFileType = sourcecode.swift; path = Note.swift; sourceTree = "<group>"; };
/* End PBXFileReference section */

/* Begin PBXFrameworksBuildPhase section */
		2E37154025C0FB980037351E /* Frameworks */ = {
			isa = PBXFrameworksBuildPhase;
			buildActionMask = 2147483647;
			files = (
			);
			runOnlyForDeploymentPostprocessing = 0;
		};
/* End PBXFrameworksBuildPhase section */

/* Begin PBXGroup section */
		2E37153A25C0FB980037351E = {
			isa = PBXGroup;
			children = (
				2E37154525C0FB980037351E /* NoteAppCoreData */,
				2E37154425C0FB980037351E /* Products */,
			);
			sourceTree = "<group>";
		};
		2E37154425C0FB980037351E /* Products */ = {
			isa = PBXGroup;
			children = (
				2E37154325C0FB980037351E /* NoteAppCoreData.app */,
			);
			name = Products;
			sourceTree = "<group>";
		};
		2E37154525C0FB980037351E /* NoteAppCoreData */ = {
			isa = PBXGroup;
			children = (
				2E37154625C0FB980037351E /* AppDelegate.swift */,
				2E37154825C0FB980037351E /* SceneDelegate.swift */,
				2E37154A25C0FB980037351E /* NoteDetailVC.swift */,
				2E37154C25C0FB980037351E /* Main.storyboard */,
				2E37155E25C101E20037351E /* NoteCell.swift */,
				2E37156125C102060037351E /* NoteTableView.swift */,
				2E91899825C2BCDC00A3C567 /* Note.swift */,
				2E37155225C0FB9B0037351E /* Assets.xcassets */,
				2E37155425C0FB9B0037351E /* LaunchScreen.storyboard */,
				2E37155725C0FB9B0037351E /* Info.plist */,
				2E37154F25C0FB980037351E /* NoteAppCoreData.xcdatamodeld */,
			);
			path = NoteAppCoreData;
			sourceTree = "<group>";
		};
/* End PBXGroup section */

/* Begin PBXNativeTarget section */
		2E37154225C0FB980037351E /* NoteAppCoreData */ = {
			isa = PBXNativeTarget;
			buildConfigurationList = 2E37155A25C0FB9B0037351E /* Build configuration list for PBXNativeTarget "NoteAppCoreData" */;
			buildPhases = (
				2E37153F25C0FB980037351E /* Sources */,
				2E37154025C0FB980037351E /* Frameworks */,
				2E37154125C0FB980037351E /* Resources */,
			);
			buildRules = (
			);
			dependencies = (
			);
			name = NoteAppCoreData;
			productName = NoteAppCoreData;
			productReference = 2E37154325C0FB980037351E /* NoteAppCoreData.app */;
			productType = "com.apple.product-type.application";
		};
/* End PBXNativeTarget section */

/* Begin PBXProject section */
		2E37153B25C0FB980037351E /* Project object */ = {
			isa = PBXProject;
			attributes = {
				LastSwiftUpdateCheck = 1210;
				LastUpgradeCheck = 1210;
				TargetAttributes = {
					2E37154225C0FB980037351E = {
						CreatedOnToolsVersion = 12.1;
					};
				};
			};
			buildConfigurationList = 2E37153E25C0FB980037351E /* Build configuration list for PBXProject "NoteAppCoreData" */;
			compatibilityVersion = "Xcode 9.3";
			developmentRegion = en;
			hasScannedForEncodings = 0;
			knownRegions = (
				en,
				Base,
			);
			mainGroup = 2E37153A25C0FB980037351E;
			productRefGroup = 2E37154425C0FB980037351E /* Products */;
			projectDirPath = "";
			projectRoot = "";
			targets = (
				2E37154225C0FB980037351E /* NoteAppCoreData */,
			);
		};
/* End PBXProject section */

/* Begin PBXResourcesBuildPhase section */
		2E37154125C0FB980037351E /* Resources */ = {
			isa = PBXResourcesBuildPhase;
			buildActionMask = 2147483647;
			files = (
				2E37155625C0FB9B0037351E /* LaunchScreen.storyboard in Resources */,
				2E37155325C0FB9B0037351E /* Assets.xcassets in Resources */,
				2E37154E25C0FB980037351E /* Main.storyboard in Resources */,
			);
			runOnlyForDeploymentPostprocessing = 0;
		};
/* End PBXResourcesBuildPhase section */

/* Begin PBXSourcesBuildPhase section */
		2E37153F25C0FB980037351E /* Sources */ = {
			isa = PBXSourcesBuildPhase;
			buildActionMask = 2147483647;
			files = (
				2E37154B25C0FB980037351E /* NoteDetailVC.swift in Sources */,
				2E37156225C102060037351E /* NoteTableView.swift in Sources */,
				2E91899925C2BCDC00A3C567 /* Note.swift in Sources */,
				2E37154725C0FB980037351E /* AppDelegate.swift in Sources */,
				2E37155F25C101E20037351E /* NoteCell.swift in Sources */,
				2E37155125C0FB980037351E /* NoteAppCoreData.xcdatamodeld in Sources */,
				2E37154925C0FB980037351E /* SceneDelegate.swift in Sources */,
			);
			runOnlyForDeploymentPostprocessing = 0;
		};
/* End PBXSourcesBuildPhase section */

/* Begin PBXVariantGroup section */
		2E37154C25C0FB980037351E /* Main.storyboard */ = {
			isa = PBXVariantGroup;
			children = (
				2E37154D25C0FB980037351E /* Base */,
			);
			name = Main.storyboard;
			sourceTree = "<group>";
		};
		2E37155425C0FB9B0037351E /* LaunchScreen.storyboard */ = {
			isa = PBXVariantGroup;
			children = (
				2E37155525C0FB9B0037351E /* Base */,
			);
			name = LaunchScreen.storyboard;
			sourceTree = "<group>";
		};
/* End PBXVariantGroup section */

/* Begin XCBuildConfiguration section */
		2E37155825C0FB9B0037351E /* Debug */ = {
			isa = XCBuildConfiguration;
			buildSettings = {
				ALWAYS_SEARCH_USER_PATHS = NO;
				CLANG_ANALYZER_NONNULL = YES;
				CLANG_ANALYZER_NUMBER_OBJECT_CONVERSION = YES_AGGRESSIVE;
				CLANG_CXX_LANGUAGE_STANDARD = "gnu++14";
				CLANG_CXX_LIBRARY = "libc++";
				CLANG_ENABLE_MODULES = YES;
				CLANG_ENABLE_OBJC_ARC = YES;
				CLANG_ENABLE_OBJC_WEAK = YES;
				CLANG_WARN_BLOCK_CAPTURE_AUTORELEASING = YES;
				CLANG_WARN_BOOL_CONVERSION = YES;
				CLANG_WARN_COMMA = YES;
				CLANG_WARN_CONSTANT_CONVERSION = YES;
				CLANG_WARN_DEPRECATED_OBJC_IMPLEMENTATIONS = YES;
				CLANG_WARN_DIRECT_OBJC_ISA_USAGE = YES_ERROR;
				CLANG_WARN_DOCUMENTATION_COMMENTS = YES;
				CLANG_WARN_EMPTY_BODY = YES;
				CLANG_WARN_ENUM_CONVERSION = YES;
				CLANG_WARN_INFINITE_RECURSION = YES;
				CLANG_WARN_INT_CONVERSION = YES;
				CLANG_WARN_NON_LITERAL_NULL_CONVERSION = YES;
				CLANG_WARN_OBJC_IMPLICIT_RETAIN_SELF = YES;
				CLANG_WARN_OBJC_LITERAL_CONVERSION = YES;
				CLANG_WARN_OBJC_ROOT_CLASS = YES_ERROR;
				CLANG_WARN_QUOTED_INCLUDE_IN_FRAMEWORK_HEADER = YES;
				CLANG_WARN_RANGE_LOOP_ANALYSIS = YES;
				CLANG_WARN_STRICT_PROTOTYPES = YES;
				CLANG_WARN_SUSPICIOUS_MOVE = YES;
				CLANG_WARN_UNGUARDED_AVAILABILITY = YES_AGGRESSIVE;
				CLANG_WARN_UNREACHABLE_CODE = YES;
				CLANG_WARN__DUPLICATE_METHOD_MATCH = YES;
				COPY_PHASE_STRIP = NO;
				DEBUG_INFORMATION_FORMAT = dwarf;
				ENABLE_STRICT_OBJC_MSGSEND = YES;
				ENABLE_TESTABILITY = YES;
				GCC_C_LANGUAGE_STANDARD = gnu11;
				GCC_DYNAMIC_NO_PIC = NO;
				GCC_NO_COMMON_BLOCKS = YES;
				GCC_OPTIMIZATION_LEVEL = 0;
				GCC_PREPROCESSOR_DEFINITIONS = (
					"DEBUG=1",
					"$(inherited)",
				);
				GCC_WARN_64_TO_32_BIT_CONVERSION = YES;
				GCC_WARN_ABOUT_RETURN_TYPE = YES_ERROR;
				GCC_WARN_UNDECLARED_SELECTOR = YES;
				GCC_WARN_UNINITIALIZED_AUTOS = YES_AGGRESSIVE;
				GCC_WARN_UNUSED_FUNCTION = YES;
				GCC_WARN_UNUSED_VARIABLE = YES;
				IPHONEOS_DEPLOYMENT_TARGET = 14.1;
				MTL_ENABLE_DEBUG_INFO = INCLUDE_SOURCE;
				MTL_FAST_MATH = YES;
				ONLY_ACTIVE_ARCH = YES;
				SDKROOT = iphoneos;
				SWIFT_ACTIVE_COMPILATION_CONDITIONS = DEBUG;
				SWIFT_OPTIMIZATION_LEVEL = "-Onone";
			};
			name = Debug;
		};
		2E37155925C0FB9B0037351E /* Release */ = {
			isa = XCBuildConfiguration;
			buildSettings = {
				ALWAYS_SEARCH_USER_PATHS = NO;
				CLANG_ANALYZER_NONNULL = YES;
				CLANG_ANALYZER_NUMBER_OBJECT_CONVERSION = YES_AGGRESSIVE;
				CLANG_CXX_LANGUAGE_STANDARD = "gnu++14";
				CLANG_CXX_LIBRARY = "libc++";
				CLANG_ENABLE_MODULES = YES;
				CLANG_ENABLE_OBJC_ARC = YES;
				CLANG_ENABLE_OBJC_WEAK = YES;
				CLANG_WARN_BLOCK_CAPTURE_AUTORELEASING = YES;
				CLANG_WARN_BOOL_CONVERSION = YES;
				CLANG_WARN_COMMA = YES;
				CLANG_WARN_CONSTANT_CONVERSION = YES;
				CLANG_WARN_DEPRECATED_OBJC_IMPLEMENTATIONS = YES;
				CLANG_WARN_DIRECT_OBJC_ISA_USAGE = YES_ERROR;
				CLANG_WARN_DOCUMENTATION_COMMENTS = YES;
				CLANG_WARN_EMPTY_BODY = YES;
				CLANG_WARN_ENUM_CONVERSION = YES;
				CLANG_WARN_INFINITE_RECURSION = YES;
				CLANG_WARN_INT_CONVERSION = YES;
				CLANG_WARN_NON_LITERAL_NULL_CONVERSION = YES;
				CLANG_WARN_OBJC_IMPLICIT_RETAIN_SELF = YES;
				CLANG_WARN_OBJC_LITERAL_CONVERSION = YES;
				CLANG_WARN_OBJC_ROOT_CLASS = YES_ERROR;
				CLANG_WARN_QUOTED_INCLUDE_IN_FRAMEWORK_HEADER = YES;
				CLANG_WARN_RANGE_LOOP_ANALYSIS = YES;
				CLANG_WARN_STRICT_PROTOTYPES = YES;
				CLANG_WARN_SUSPICIOUS_MOVE = YES;
				CLANG_WARN_UNGUARDED_AVAILABILITY = YES_AGGRESSIVE;
				CLANG_WARN_UNREACHABLE_CODE = YES;
				CLANG_WARN__DUPLICATE_METHOD_MATCH = YES;
				COPY_PHASE_STRIP = NO;
				DEBUG_INFORMATION_FORMAT = "dwarf-with-dsym";
				ENABLE_NS_ASSERTIONS = NO;
				ENABLE_STRICT_OBJC_MSGSEND = YES;
				GCC_C_LANGUAGE_STANDARD = gnu11;
				GCC_NO_COMMON_BLOCKS = YES;
				GCC_WARN_64_TO_32_BIT_CONVERSION = YES;
				GCC_WARN_ABOUT_RETURN_TYPE = YES_ERROR;
				GCC_WARN_UNDECLARED_SELECTOR = YES;
				GCC_WARN_UNINITIALIZED_AUTOS = YES_AGGRESSIVE;
				GCC_WARN_UNUSED_FUNCTION = YES;
				GCC_WARN_UNUSED_VARIABLE = YES;
				IPHONEOS_DEPLOYMENT_TARGET = 14.1;
				MTL_ENABLE_DEBUG_INFO = NO;
				MTL_FAST_MATH = YES;
				SDKROOT = iphoneos;
				SWIFT_COMPILATION_MODE = wholemodule;
				SWIFT_OPTIMIZATION_LEVEL = "-O";
				VALIDATE_PRODUCT = YES;
			};
			name = Release;
		};
		2E37155B25C0FB9B0037351E /* Debug */ = {
			isa = XCBuildConfiguration;
			buildSettings = {
				ASSETCATALOG_COMPILER_APPICON_NAME = AppIcon;
				ASSETCATALOG_COMPILER_GLOBAL_ACCENT_COLOR_NAME = AccentColor;
				CODE_SIGN_STYLE = Automatic;
				DEVELOPMENT_TEAM = B3SEC78SH4;
				INFOPLIST_FILE = NoteAppCoreData/Info.plist;
				LD_RUNPATH_SEARCH_PATHS = (
					"$(inherited)",
					"@executable_path/Frameworks",
				);
				PRODUCT_BUNDLE_IDENTIFIER = code.with.cal.NoteAppCoreData;
				PRODUCT_NAME = "$(TARGET_NAME)";
				SWIFT_VERSION = 5.0;
				TARGETED_DEVICE_FAMILY = "1,2";
			};
			name = Debug;
		};
		2E37155C25C0FB9B0037351E /* Release */ = {
			isa = XCBuildConfiguration;
			buildSettings = {
				ASSETCATALOG_COMPILER_APPICON_NAME = AppIcon;
				ASSETCATALOG_COMPILER_GLOBAL_ACCENT_COLOR_NAME = AccentColor;
				CODE_SIGN_STYLE = Automatic;
				DEVELOPMENT_TEAM = B3SEC78SH4;
				INFOPLIST_FILE = NoteAppCoreData/Info.plist;
				LD_RUNPATH_SEARCH_PATHS = (
					"$(inherited)",
					"@executable_path/Frameworks",
				);
				PRODUCT_BUNDLE_IDENTIFIER = code.with.cal.NoteAppCoreData;
				PRODUCT_NAME = "$(TARGET_NAME)";
				SWIFT_VERSION = 5.0;
				TARGETED_DEVICE_FAMILY = "1,2";
			};
			name = Release;
		};
/* End XCBuildConfiguration section */

/* Begin XCConfigurationList section */
		2E37153E25C0FB980037351E /* Build configuration list for PBXProject "NoteAppCoreData" */ = {
			isa = XCConfigurationList;
			buildConfigurations = (
				2E37155825C0FB9B0037351E /* Debug */,
				2E37155925C0FB9B0037351E /* Release */,
			);
			defaultConfigurationIsVisible = 0;
			defaultConfigurationName = Release;
		};
		2E37155A25C0FB9B0037351E /* Build configuration list for PBXNativeTarget "NoteAppCoreData" */ = {
			isa = XCConfigurationList;
			buildConfigurations = (
				2E37155B25C0FB9B0037351E /* Debug */,
				2E37155C25C0FB9B0037351E /* Release */,
			);
			defaultConfigurationIsVisible = 0;
			defaultConfigurationName = Release;
		};
/* End XCConfigurationList section */

/* Begin XCVersionGroup section */
		2E37154F25C0FB980037351E /* NoteAppCoreData.xcdatamodeld */ = {
			isa = XCVersionGroup;
			children = (
				2E37155025C0FB980037351E /* NoteAppCoreData.xcdatamodel */,
			);
			currentVersion = 2E37155025C0FB980037351E /* NoteAppCoreData.xcdatamodel */;
			path = NoteAppCoreData.xcdatamodeld;
			sourceTree = "<group>";
			versionGroupType = wrapper.xcdatamodel;
		};
/* End XCVersionGroup section */
	};
	rootObject = 2E37153B25C0FB980037351E /* Project object */;
}
